<?xml version="1.0" encoding="utf-8"?>
<Project ToolsVersion="4.0" xmlns="http://schemas.microsoft.com/developer/msbuild/2003">
  <ItemGroup>
    <Filter Include="Source files">
      <UniqueIdentifier>{2580cc68-72c2-466a-8334-fc130d39b067}</UniqueIdentifier>
      <Extensions>cpp;c;cc;cxx;def;odl;idl;hpj;bat;asm;asmx</Extensions>
    </Filter>
    <Filter Include="Resource files">
      <UniqueIdentifier>{d7346f2d-32b6-4d88-8a2d-7bb0aa0c42d9}</UniqueIdentifier>
      <Extensions>rc;ico;cur;bmp;dlg;rc2;rct;bin;rgs;gif;jpg;jpeg;jpe;resx;tiff;tif;png;wav</Extensions>
    </Filter>
    <Filter Include="Header files">
      <UniqueIdentifier>{6ca38e1f-900f-4136-acc0-b009bb7e7272}</UniqueIdentifier>
      <Extensions>h;hpp;hxx;hm;inl;inc;xsd</Extensions>
    </Filter>
  </ItemGroup>
  <ItemGroup>
    <ClInclude Include="misc.h">
      <Filter>Header files</Filter>
    </ClInclude>
    <ClInclude Include="hooklib.h">
      <Filter>Header files</Filter>
    </ClInclude>
    <ClInclude Include="hooks.h">
      <Filter>Header files</Filter>
    </ClInclude>
    <ClInclude Include="undocumented.h">
      <Filter>Header files</Filter>
    </ClInclude>
    <ClInclude Include="ssdt.h">
      <Filter>Header files</Filter>
    </ClInclude>
    <ClInclude Include="hider.h">
      <Filter>Header files</Filter>
    </ClInclude>
    <ClInclude Include="_global.h">
      <Filter>Header files</Filter>
    </ClInclude>
    <ClInclude Include="VisualDDKHelpers.h">
      <Filter>Header files</Filter>
    </ClInclude>
    <ClInclude Include="TitanHide.h">
      <Filter>Header files</Filter>
    </ClInclude>
    <ClInclude Include="pe.h">
      <Filter>Header files</Filter>
    </ClInclude>
  </ItemGroup>
  <ItemGroup>
    <ClCompile Include="TitanHide.cpp">
      <Filter>Source files</Filter>
    </ClCompile>
    <ClCompile Include="misc.cpp">
      <Filter>Source files</Filter>
    </ClCompile>
    <ClCompile Include="hooklib.cpp">
      <Filter>Source files</Filter>
    </ClCompile>
    <ClCompile Include="hooks.cpp">
      <Filter>Source files</Filter>
    </ClCompile>
    <ClCompile Include="undocumented.cpp">
      <Filter>Source files</Filter>
    </ClCompile>
    <ClCompile Include="ssdt.cpp">
      <Filter>Source files</Filter>
    </ClCompile>
    <ClCompile Include="hider.cpp">
      <Filter>Source files</Filter>
    </ClCompile>
    <ClCompile Include="_global.cpp">
      <Filter>Source files</Filter>
    </ClCompile>
    <ClCompile Include="pe.cpp">
      <Filter>Source files</Filter>
    </ClCompile>
  </ItemGroup>
</Project>